
Microsoft Visual Studio Solution File, Format Version 12.00
# Visual Studio Version 17
VisualStudioVersion = 17.9.34622.214
MinimumVisualStudioVersion = 10.0.40219.1
Project("{9A19103F-16F7-4668-BE54-9A1E7A4F7556}") = "Test", "concurrentTest\Test.csproj", "{91828B31-F2C2-490E-8D47-42B4A6A97AF1}"
EndProject
Project("{9A19103F-16F7-4668-BE54-9A1E7A4F7556}") = "Dane", "Dane\Dane.csproj", "{3C0304CC-2983-410B-B2FD-E361AFE96820}"
EndProject
Project("{9A19103F-16F7-4668-BE54-9A1E7A4F7556}") = "Logika", "Logika\Logika.csproj", "{AB851224-1511-4273-BAEC-15E9EC68FD0C}"
EndProject
Project("{2150E333-8FDC-42A3-9474-1A3956D46DE8}") = "Prezentacja", "Prezentacja", "{12229EB4-CA16-4CBA-8CA0-DF0A3A22B1B2}"
EndProject
Project("{FAE04EC0-301F-11D3-BF4B-00C04F79EFBC}") = "View", "View\View.csproj", "{D8B0FC3E-88B5-4633-8691-D8D1B16E8F5B}"
EndProject
Project("{FAE04EC0-301F-11D3-BF4B-00C04F79EFBC}") = "Model", "Model\Model.csproj", "{C93A5903-EFC6-4251-8488-1D9BDABC8F1F}"
EndProject
Project("{FAE04EC0-301F-11D3-BF4B-00C04F79EFBC}") = "ViewModel", "ViewModel\ViewModel.csproj", "{BA13CE00-5B41-457C-A7DF-7D7A2D266598}"
EndProject
Project("{FAE04EC0-301F-11D3-BF4B-00C04F79EFBC}") = "TestyJednostkowe", "TestyJednostkowe\TestyJednostkowe.csproj", "{E9388FCB-DF78-4E0D-B74A-838CBFCA5A98}"
EndProject
Global
	GlobalSection(SolutionConfigurationPlatforms) = preSolution
		Debug|Any CPU = Debug|Any CPU
		Release|Any CPU = Release|Any CPU
	EndGlobalSection
	GlobalSection(ProjectConfigurationPlatforms) = postSolution
		{91828B31-F2C2-490E-8D47-42B4A6A97AF1}.Debug|Any CPU.ActiveCfg = Debug|Any CPU
		{91828B31-F2C2-490E-8D47-42B4A6A97AF1}.Debug|Any CPU.Build.0 = Debug|Any CPU
		{91828B31-F2C2-490E-8D47-42B4A6A97AF1}.Release|Any CPU.ActiveCfg = Release|Any CPU
		{91828B31-F2C2-490E-8D47-42B4A6A97AF1}.Release|Any CPU.Build.0 = Release|Any CPU
		{3C0304CC-2983-410B-B2FD-E361AFE96820}.Debug|Any CPU.ActiveCfg = Debug|Any CPU
		{3C0304CC-2983-410B-B2FD-E361AFE96820}.Debug|Any CPU.Build.0 = Debug|Any CPU
		{3C0304CC-2983-410B-B2FD-E361AFE96820}.Release|Any CPU.ActiveCfg = Release|Any CPU
		{3C0304CC-2983-410B-B2FD-E361AFE96820}.Release|Any CPU.Build.0 = Release|Any CPU
		{AB851224-1511-4273-BAEC-15E9EC68FD0C}.Debug|Any CPU.ActiveCfg = Debug|Any CPU
		{AB851224-1511-4273-BAEC-15E9EC68FD0C}.Debug|Any CPU.Build.0 = Debug|Any CPU
		{AB851224-1511-4273-BAEC-15E9EC68FD0C}.Release|Any CPU.ActiveCfg = Release|Any CPU
		{AB851224-1511-4273-BAEC-15E9EC68FD0C}.Release|Any CPU.Build.0 = Release|Any CPU
		{D8B0FC3E-88B5-4633-8691-D8D1B16E8F5B}.Debug|Any CPU.ActiveCfg = Debug|Any CPU
		{D8B0FC3E-88B5-4633-8691-D8D1B16E8F5B}.Debug|Any CPU.Build.0 = Debug|Any CPU
		{D8B0FC3E-88B5-4633-8691-D8D1B16E8F5B}.Release|Any CPU.ActiveCfg = Release|Any CPU
		{D8B0FC3E-88B5-4633-8691-D8D1B16E8F5B}.Release|Any CPU.Build.0 = Release|Any CPU
		{C93A5903-EFC6-4251-8488-1D9BDABC8F1F}.Debug|Any CPU.ActiveCfg = Debug|Any CPU
		{C93A5903-EFC6-4251-8488-1D9BDABC8F1F}.Debug|Any CPU.Build.0 = Debug|Any CPU
		{C93A5903-EFC6-4251-8488-1D9BDABC8F1F}.Release|Any CPU.ActiveCfg = Release|Any CPU
		{C93A5903-EFC6-4251-8488-1D9BDABC8F1F}.Release|Any CPU.Build.0 = Release|Any CPU
		{BA13CE00-5B41-457C-A7DF-7D7A2D266598}.Debug|Any CPU.ActiveCfg = Debug|Any CPU
		{BA13CE00-5B41-457C-A7DF-7D7A2D266598}.Debug|Any CPU.Build.0 = Debug|Any CPU
		{BA13CE00-5B41-457C-A7DF-7D7A2D266598}.Release|Any CPU.ActiveCfg = Release|Any CPU
		{BA13CE00-5B41-457C-A7DF-7D7A2D266598}.Release|Any CPU.Build.0 = Release|Any CPU
		{E9388FCB-DF78-4E0D-B74A-838CBFCA5A98}.Debug|Any CPU.ActiveCfg = Debug|Any CPU
		{E9388FCB-DF78-4E0D-B74A-838CBFCA5A98}.Debug|Any CPU.Build.0 = Debug|Any CPU
		{E9388FCB-DF78-4E0D-B74A-838CBFCA5A98}.Release|Any CPU.ActiveCfg = Release|Any CPU
		{E9388FCB-DF78-4E0D-B74A-838CBFCA5A98}.Release|Any CPU.Build.0 = Release|Any CPU
	EndGlobalSection
	GlobalSection(SolutionProperties) = preSolution
		HideSolutionNode = FALSE
	EndGlobalSection
	GlobalSection(NestedProjects) = preSolution
		{D8B0FC3E-88B5-4633-8691-D8D1B16E8F5B} = {12229EB4-CA16-4CBA-8CA0-DF0A3A22B1B2}
		{C93A5903-EFC6-4251-8488-1D9BDABC8F1F} = {12229EB4-CA16-4CBA-8CA0-DF0A3A22B1B2}
		{BA13CE00-5B41-457C-A7DF-7D7A2D266598} = {12229EB4-CA16-4CBA-8CA0-DF0A3A22B1B2}
	EndGlobalSection
	GlobalSection(ExtensibilityGlobals) = postSolution
		SolutionGuid = {A2D2DF68-0F64-4464-8F70-5EEE86EFA155}
	EndGlobalSection
EndGlobal
